// !$*UTF8*$!
{
	archiveVersion = 1;
	classes = {
	};
	objectVersion = 50;
	objects = {

/* Begin PBXBuildFile section */
		E011EEDF23E2ABA300533EB0 /* AppDelegate.swift in Sources */ = {isa = PBXBuildFile; fileRef = E011EEDE23E2ABA300533EB0 /* AppDelegate.swift */; };
		E011EEE123E2ABA300533EB0 /* SceneDelegate.swift in Sources */ = {isa = PBXBuildFile; fileRef = E011EEE023E2ABA300533EB0 /* SceneDelegate.swift */; };
		E011EEE323E2ABA300533EB0 /* ViewController.swift in Sources */ = {isa = PBXBuildFile; fileRef = E011EEE223E2ABA300533EB0 /* ViewController.swift */; };
		E011EEE623E2ABA300533EB0 /* Main.storyboard in Resources */ = {isa = PBXBuildFile; fileRef = E011EEE423E2ABA300533EB0 /* Main.storyboard */; };
		E011EEE823E2ABA400533EB0 /* Assets.xcassets in Resources */ = {isa = PBXBuildFile; fileRef = E011EEE723E2ABA400533EB0 /* Assets.xcassets */; };
		E011EEEB23E2ABA400533EB0 /* LaunchScreen.storyboard in Resources */ = {isa = PBXBuildFile; fileRef = E011EEE923E2ABA400533EB0 /* LaunchScreen.storyboard */; };
		E011EEF623E2ABA500533EB0 /* FlixTests.swift in Sources */ = {isa = PBXBuildFile; fileRef = E011EEF523E2ABA500533EB0 /* FlixTests.swift */; };
		E011EF0123E2ABA500533EB0 /* FlixUITests.swift in Sources */ = {isa = PBXBuildFile; fileRef = E011EF0023E2ABA500533EB0 /* FlixUITests.swift */; };
/* End PBXBuildFile section */

/* Begin PBXContainerItemProxy section */
		E011EEF223E2ABA500533EB0 /* PBXContainerItemProxy */ = {
			isa = PBXContainerItemProxy;
			containerPortal = E011EED323E2ABA300533EB0 /* Project object */;
			proxyType = 1;
			remoteGlobalIDString = E011EEDA23E2ABA300533EB0;
			remoteInfo = Flix;
		};
		E011EEFD23E2ABA500533EB0 /* PBXContainerItemProxy */ = {
			isa = PBXContainerItemProxy;
			containerPortal = E011EED323E2ABA300533EB0 /* Project object */;
			proxyType = 1;
			remoteGlobalIDString = E011EEDA23E2ABA300533EB0;
			remoteInfo = Flix;
		};
/* End PBXContainerItemProxy section */

/* Begin PBXFileReference section */
		E011EEDB23E2ABA300533EB0 /* Flix.app */ = {isa = PBXFileReference; explicitFileType = wrapper.application; includeInIndex = 0; path = Flix.app; sourceTree = BUILT_PRODUCTS_DIR; };
		E011EEDE23E2ABA300533EB0 /* AppDelegate.swift */ = {isa = PBXFileReference; lastKnownFileType = sourcecode.swift; path = AppDelegate.swift; sourceTree = "<group>"; };
		E011EEE023E2ABA300533EB0 /* SceneDelegate.swift */ = {isa = PBXFileReference; lastKnownFileType = sourcecode.swift; path = SceneDelegate.swift; sourceTree = "<group>"; };
		E011EEE223E2ABA300533EB0 /* ViewController.swift */ = {isa = PBXFileReference; lastKnownFileType = sourcecode.swift; path = ViewController.swift; sourceTree = "<group>"; };
		E011EEE523E2ABA300533EB0 /* Base */ = {isa = PBXFileReference; lastKnownFileType = file.storyboard; name = Base; path = Base.lproj/Main.storyboard; sourceTree = "<group>"; };
		E011EEE723E2ABA400533EB0 /* Assets.xcassets */ = {isa = PBXFileReference; lastKnownFileType = folder.assetcatalog; path = Assets.xcassets; sourceTree = "<group>"; };
		E011EEEA23E2ABA400533EB0 /* Base */ = {isa = PBXFileReference; lastKnownFileType = file.storyboard; name = Base; path = Base.lproj/LaunchScreen.storyboard; sourceTree = "<group>"; };
		E011EEEC23E2ABA400533EB0 /* Info.plist */ = {isa = PBXFileReference; lastKnownFileType = text.plist.xml; path = Info.plist; sourceTree = "<group>"; };
		E011EEF123E2ABA500533EB0 /* FlixTests.xctest */ = {isa = PBXFileReference; explicitFileType = wrapper.cfbundle; includeInIndex = 0; path = FlixTests.xctest; sourceTree = BUILT_PRODUCTS_DIR; };
		E011EEF523E2ABA500533EB0 /* FlixTests.swift */ = {isa = PBXFileReference; lastKnownFileType = sourcecode.swift; path = FlixTests.swift; sourceTree = "<group>"; };
		E011EEF723E2ABA500533EB0 /* Info.plist */ = {isa = PBXFileReference; lastKnownFileType = text.plist.xml; path = Info.plist; sourceTree = "<group>"; };
		E011EEFC23E2ABA500533EB0 /* FlixUITests.xctest */ = {isa = PBXFileReference; explicitFileType = wrapper.cfbundle; includeInIndex = 0; path = FlixUITests.xctest; sourceTree = BUILT_PRODUCTS_DIR; };
		E011EF0023E2ABA500533EB0 /* FlixUITests.swift */ = {isa = PBXFileReference; lastKnownFileType = sourcecode.swift; path = FlixUITests.swift; sourceTree = "<group>"; };
		E011EF0223E2ABA500533EB0 /* Info.plist */ = {isa = PBXFileReference; lastKnownFileType = text.plist.xml; path = Info.plist; sourceTree = "<group>"; };
/* End PBXFileReference section */

/* Begin PBXFrameworksBuildPhase section */
		E011EED823E2ABA300533EB0 /* Frameworks */ = {
			isa = PBXFrameworksBuildPhase;
			buildActionMask = 2147483647;
			files = (
			);
			runOnlyForDeploymentPostprocessing = 0;
		};
		E011EEEE23E2ABA500533EB0 /* Frameworks */ = {
			isa = PBXFrameworksBuildPhase;
			buildActionMask = 2147483647;
			files = (
			);
			runOnlyForDeploymentPostprocessing = 0;
		};
		E011EEF923E2ABA500533EB0 /* Frameworks */ = {
			isa = PBXFrameworksBuildPhase;
			buildActionMask = 2147483647;
			files = (
			);
			runOnlyForDeploymentPostprocessing = 0;
		};
/* End PBXFrameworksBuildPhase section */

/* Begin PBXGroup section */
		E011EED223E2ABA300533EB0 = {
			isa = PBXGroup;
			children = (
				E011EEDD23E2ABA300533EB0 /* Flix */,
				E011EEF423E2ABA500533EB0 /* FlixTests */,
				E011EEFF23E2ABA500533EB0 /* FlixUITests */,
				E011EEDC23E2ABA300533EB0 /* Products */,
			);
			sourceTree = "<group>";
		};
		E011EEDC23E2ABA300533EB0 /* Products */ = {
			isa = PBXGroup;
			children = (
				E011EEDB23E2ABA300533EB0 /* Flix.app */,
				E011EEF123E2ABA500533EB0 /* FlixTests.xctest */,
				E011EEFC23E2ABA500533EB0 /* FlixUITests.xctest */,
			);
			name = Products;
			sourceTree = "<group>";
		};
		E011EEDD23E2ABA300533EB0 /* Flix */ = {
			isa = PBXGroup;
			children = (
				E011EEDE23E2ABA300533EB0 /* AppDelegate.swift */,
				E011EEE023E2ABA300533EB0 /* SceneDelegate.swift */,
				E011EEE223E2ABA300533EB0 /* ViewController.swift */,
				E011EEE423E2ABA300533EB0 /* Main.storyboard */,
				E011EEE723E2ABA400533EB0 /* Assets.xcassets */,
				E011EEE923E2ABA400533EB0 /* LaunchScreen.storyboard */,
				E011EEEC23E2ABA400533EB0 /* Info.plist */,
			);
			path = Flix;
			sourceTree = "<group>";
		};
		E011EEF423E2ABA500533EB0 /* FlixTests */ = {
			isa = PBXGroup;
			children = (
				E011EEF523E2ABA500533EB0 /* FlixTests.swift */,
				E011EEF723E2ABA500533EB0 /* Info.plist */,
			);
			path = FlixTests;
			sourceTree = "<group>";
		};
		E011EEFF23E2ABA500533EB0 /* FlixUITests */ = {
			isa = PBXGroup;
			children = (
				E011EF0023E2ABA500533EB0 /* FlixUITests.swift */,
				E011EF0223E2ABA500533EB0 /* Info.plist */,
			);
			path = FlixUITests;
			sourceTree = "<group>";
		};
/* End PBXGroup section */

/* Begin PBXNativeTarget section */
		E011EEDA23E2ABA300533EB0 /* Flix */ = {
			isa = PBXNativeTarget;
			buildConfigurationList = E011EF0523E2ABA500533EB0 /* Build configuration list for PBXNativeTarget "Flix" */;
			buildPhases = (
				E011EED723E2ABA300533EB0 /* Sources */,
				E011EED823E2ABA300533EB0 /* Frameworks */,
				E011EED923E2ABA300533EB0 /* Resources */,
			);
			buildRules = (
			);
			dependencies = (
			);
			name = Flix;
			productName = Flix;
			productReference = E011EEDB23E2ABA300533EB0 /* Flix.app */;
			productType = "com.apple.product-type.application";
		};
		E011EEF023E2ABA500533EB0 /* FlixTests */ = {
			isa = PBXNativeTarget;
			buildConfigurationList = E011EF0823E2ABA500533EB0 /* Build configuration list for PBXNativeTarget "FlixTests" */;
			buildPhases = (
				E011EEED23E2ABA500533EB0 /* Sources */,
				E011EEEE23E2ABA500533EB0 /* Frameworks */,
				E011EEEF23E2ABA500533EB0 /* Resources */,
			);
			buildRules = (
			);
			dependencies = (
				E011EEF323E2ABA500533EB0 /* PBXTargetDependency */,
			);
			name = FlixTests;
			productName = FlixTests;
			productReference = E011EEF123E2ABA500533EB0 /* FlixTests.xctest */;
			productType = "com.apple.product-type.bundle.unit-test";
		};
		E011EEFB23E2ABA500533EB0 /* FlixUITests */ = {
			isa = PBXNativeTarget;
			buildConfigurationList = E011EF0B23E2ABA500533EB0 /* Build configuration list for PBXNativeTarget "FlixUITests" */;
			buildPhases = (
				E011EEF823E2ABA500533EB0 /* Sources */,
				E011EEF923E2ABA500533EB0 /* Frameworks */,
				E011EEFA23E2ABA500533EB0 /* Resources */,
			);
			buildRules = (
			);
			dependencies = (
				E011EEFE23E2ABA500533EB0 /* PBXTargetDependency */,
			);
			name = FlixUITests;
			productName = FlixUITests;
			productReference = E011EEFC23E2ABA500533EB0 /* FlixUITests.xctest */;
			productType = "com.apple.product-type.bundle.ui-testing";
		};
/* End PBXNativeTarget section */

/* Begin PBXProject section */
		E011EED323E2ABA300533EB0 /* Project object */ = {
			isa = PBXProject;
			attributes = {
				LastSwiftUpdateCheck = 1130;
				LastUpgradeCheck = 1130;
				ORGANIZATIONNAME = codepath;
				TargetAttributes = {
					E011EEDA23E2ABA300533EB0 = {
						CreatedOnToolsVersion = 11.3;
					};
					E011EEF023E2ABA500533EB0 = {
						CreatedOnToolsVersion = 11.3;
						TestTargetID = E011EEDA23E2ABA300533EB0;
					};
					E011EEFB23E2ABA500533EB0 = {
						CreatedOnToolsVersion = 11.3;
						TestTargetID = E011EEDA23E2ABA300533EB0;
					};
				};
			};
			buildConfigurationList = E011EED623E2ABA300533EB0 /* Build configuration list for PBXProject "Flix" */;
			compatibilityVersion = "Xcode 9.3";
			developmentRegion = en;
			hasScannedForEncodings = 0;
			knownRegions = (
				en,
				Base,
			);
			mainGroup = E011EED223E2ABA300533EB0;
			productRefGroup = E011EEDC23E2ABA300533EB0 /* Products */;
			projectDirPath = "";
			projectRoot = "";
			targets = (
				E011EEDA23E2ABA300533EB0 /* Flix */,
				E011EEF023E2ABA500533EB0 /* FlixTests */,
				E011EEFB23E2ABA500533EB0 /* FlixUITests */,
			);
		};
/* End PBXProject section */

/* Begin PBXResourcesBuildPhase section */
		E011EED923E2ABA300533EB0 /* Resources */ = {
			isa = PBXResourcesBuildPhase;
			buildActionMask = 2147483647;
			files = (
				E011EEEB23E2ABA400533EB0 /* LaunchScreen.storyboard in Resources */,
				E011EEE823E2ABA400533EB0 /* Assets.xcassets in Resources */,
				E011EEE623E2ABA300533EB0 /* Main.storyboard in Resources */,
			);
			runOnlyForDeploymentPostprocessing = 0;
		};
		E011EEEF23E2ABA500533EB0 /* Resources */ = {
			isa = PBXResourcesBuildPhase;
			buildActionMask = 2147483647;
			files = (
			);
			runOnlyForDeploymentPostprocessing = 0;
		};
		E011EEFA23E2ABA500533EB0 /* Resources */ = {
			isa = PBXResourcesBuildPhase;
			buildActionMask = 2147483647;
			files = (
			);
			runOnlyForDeploymentPostprocessing = 0;
		};
/* End PBXResourcesBuildPhase section */

/* Begin PBXSourcesBuildPhase section */
		E011EED723E2ABA300533EB0 /* Sources */ = {
			isa = PBXSourcesBuildPhase;
			buildActionMask = 2147483647;
			files = (
				E011EEE323E2ABA300533EB0 /* ViewController.swift in Sources */,
				E011EEDF23E2ABA300533EB0 /* AppDelegate.swift in Sources */,
				E011EEE123E2ABA300533EB0 /* SceneDelegate.swift in Sources */,
			);
			runOnlyForDeploymentPostprocessing = 0;
		};
		E011EEED23E2ABA500533EB0 /* Sources */ = {
			isa = PBXSourcesBuildPhase;
			buildActionMask = 2147483647;
			files = (
				E011EEF623E2ABA500533EB0 /* FlixTests.swift in Sources */,
			);
			runOnlyForDeploymentPostprocessing = 0;
		};
		E011EEF823E2ABA500533EB0 /* Sources */ = {
			isa = PBXSourcesBuildPhase;
			buildActionMask = 2147483647;
			files = (
				E011EF0123E2ABA500533EB0 /* FlixUITests.swift in Sources */,
			);
			runOnlyForDeploymentPostprocessing = 0;
		};
/* End PBXSourcesBuildPhase section */

/* Begin PBXTargetDependency section */
		E011EEF323E2ABA500533EB0 /* PBXTargetDependency */ = {
			isa = PBXTargetDependency;
			target = E011EEDA23E2ABA300533EB0 /* Flix */;
			targetProxy = E011EEF223E2ABA500533EB0 /* PBXContainerItemProxy */;
		};
		E011EEFE23E2ABA500533EB0 /* PBXTargetDependency */ = {
			isa = PBXTargetDependency;
			target = E011EEDA23E2ABA300533EB0 /* Flix */;
			targetProxy = E011EEFD23E2ABA500533EB0 /* PBXContainerItemProxy */;
		};
/* End PBXTargetDependency section */

/* Begin PBXVariantGroup section */
		E011EEE423E2ABA300533EB0 /* Main.storyboard */ = {
			isa = PBXVariantGroup;
			children = (
				E011EEE523E2ABA300533EB0 /* Base */,
			);
			name = Main.storyboard;
			sourceTree = "<group>";
		};
		E011EEE923E2ABA400533EB0 /* LaunchScreen.storyboard */ = {
			isa = PBXVariantGroup;
			children = (
				E011EEEA23E2ABA400533EB0 /* Base */,
			);
			name = LaunchScreen.storyboard;
			sourceTree = "<group>";
		};
/* End PBXVariantGroup section */

/* Begin XCBuildConfiguration section */
		E011EF0323E2ABA500533EB0 /* Debug */ = {
			isa = XCBuildConfiguration;
			buildSettings = {
				ALWAYS_SEARCH_USER_PATHS = NO;
				CLANG_ANALYZER_NONNULL = YES;
				CLANG_ANALYZER_NUMBER_OBJECT_CONVERSION = YES_AGGRESSIVE;
				CLANG_CXX_LANGUAGE_STANDARD = "gnu++14";
				CLANG_CXX_LIBRARY = "libc++";
				CLANG_ENABLE_MODULES = YES;
				CLANG_ENABLE_OBJC_ARC = YES;
				CLANG_ENABLE_OBJC_WEAK = YES;
				CLANG_WARN_BLOCK_CAPTURE_AUTORELEASING = YES;
				CLANG_WARN_BOOL_CONVERSION = YES;
				CLANG_WARN_COMMA = YES;
				CLANG_WARN_CONSTANT_CONVERSION = YES;
				CLANG_WARN_DEPRECATED_OBJC_IMPLEMENTATIONS = YES;
				CLANG_WARN_DIRECT_OBJC_ISA_USAGE = YES_ERROR;
				CLANG_WARN_DOCUMENTATION_COMMENTS = YES;
				CLANG_WARN_EMPTY_BODY = YES;
				CLANG_WARN_ENUM_CONVERSION = YES;
				CLANG_WARN_INFINITE_RECURSION = YES;
				CLANG_WARN_INT_CONVERSION = YES;
				CLANG_WARN_NON_LITERAL_NULL_CONVERSION = YES;
				CLANG_WARN_OBJC_IMPLICIT_RETAIN_SELF = YES;
				CLANG_WARN_OBJC_LITERAL_CONVERSION = YES;
				CLANG_WARN_OBJC_ROOT_CLASS = YES_ERROR;
				CLANG_WARN_RANGE_LOOP_ANALYSIS = YES;
				CLANG_WARN_STRICT_PROTOTYPES = YES;
				CLANG_WARN_SUSPICIOUS_MOVE = YES;
				CLANG_WARN_UNGUARDED_AVAILABILITY = YES_AGGRESSIVE;
				CLANG_WARN_UNREACHABLE_CODE = YES;
				CLANG_WARN__DUPLICATE_METHOD_MATCH = YES;
				COPY_PHASE_STRIP = NO;
				DEBUG_INFORMATION_FORMAT = dwarf;
				ENABLE_STRICT_OBJC_MSGSEND = YES;
				ENABLE_TESTABILITY = YES;
				GCC_C_LANGUAGE_STANDARD = gnu11;
				GCC_DYNAMIC_NO_PIC = NO;
				GCC_NO_COMMON_BLOCKS = YES;
				GCC_OPTIMIZATION_LEVEL = 0;
				GCC_PREPROCESSOR_DEFINITIONS = (
					"DEBUG=1",
					"$(inherited)",
				);
				GCC_WARN_64_TO_32_BIT_CONVERSION = YES;
				GCC_WARN_ABOUT_RETURN_TYPE = YES_ERROR;
				GCC_WARN_UNDECLARED_SELECTOR = YES;
				GCC_WARN_UNINITIALIZED_AUTOS = YES_AGGRESSIVE;
				GCC_WARN_UNUSED_FUNCTION = YES;
				GCC_WARN_UNUSED_VARIABLE = YES;
				IPHONEOS_DEPLOYMENT_TARGET = 13.2;
				MTL_ENABLE_DEBUG_INFO = INCLUDE_SOURCE;
				MTL_FAST_MATH = YES;
				ONLY_ACTIVE_ARCH = YES;
				SDKROOT = iphoneos;
				SWIFT_ACTIVE_COMPILATION_CONDITIONS = DEBUG;
				SWIFT_OPTIMIZATION_LEVEL = "-Onone";
			};
			name = Debug;
		};
		E011EF0423E2ABA500533EB0 /* Release */ = {
			isa = XCBuildConfiguration;
			buildSettings = {
				ALWAYS_SEARCH_USER_PATHS = NO;
				CLANG_ANALYZER_NONNULL = YES;
				CLANG_ANALYZER_NUMBER_OBJECT_CONVERSION = YES_AGGRESSIVE;
				CLANG_CXX_LANGUAGE_STANDARD = "gnu++14";
				CLANG_CXX_LIBRARY = "libc++";
				CLANG_ENABLE_MODULES = YES;
				CLANG_ENABLE_OBJC_ARC = YES;
				CLANG_ENABLE_OBJC_WEAK = YES;
				CLANG_WARN_BLOCK_CAPTURE_AUTORELEASING = YES;
				CLANG_WARN_BOOL_CONVERSION = YES;
				CLANG_WARN_COMMA = YES;
				CLANG_WARN_CONSTANT_CONVERSION = YES;
				CLANG_WARN_DEPRECATED_OBJC_IMPLEMENTATIONS = YES;
				CLANG_WARN_DIRECT_OBJC_ISA_USAGE = YES_ERROR;
				CLANG_WARN_DOCUMENTATION_COMMENTS = YES;
				CLANG_WARN_EMPTY_BODY = YES;
				CLANG_WARN_ENUM_CONVERSION = YES;
				CLANG_WARN_INFINITE_RECURSION = YES;
				CLANG_WARN_INT_CONVERSION = YES;
				CLANG_WARN_NON_LITERAL_NULL_CONVERSION = YES;
				CLANG_WARN_OBJC_IMPLICIT_RETAIN_SELF = YES;
				CLANG_WARN_OBJC_LITERAL_CONVERSION = YES;
				CLANG_WARN_OBJC_ROOT_CLASS = YES_ERROR;
				CLANG_WARN_RANGE_LOOP_ANALYSIS = YES;
				CLANG_WARN_STRICT_PROTOTYPES = YES;
				CLANG_WARN_SUSPICIOUS_MOVE = YES;
				CLANG_WARN_UNGUARDED_AVAILABILITY = YES_AGGRESSIVE;
				CLANG_WARN_UNREACHABLE_CODE = YES;
				CLANG_WARN__DUPLICATE_METHOD_MATCH = YES;
				COPY_PHASE_STRIP = NO;
				DEBUG_INFORMATION_FORMAT = "dwarf-with-dsym";
				ENABLE_NS_ASSERTIONS = NO;
				ENABLE_STRICT_OBJC_MSGSEND = YES;
				GCC_C_LANGUAGE_STANDARD = gnu11;
				GCC_NO_COMMON_BLOCKS = YES;
				GCC_WARN_64_TO_32_BIT_CONVERSION = YES;
				GCC_WARN_ABOUT_RETURN_TYPE = YES_ERROR;
				GCC_WARN_UNDECLARED_SELECTOR = YES;
				GCC_WARN_UNINITIALIZED_AUTOS = YES_AGGRESSIVE;
				GCC_WARN_UNUSED_FUNCTION = YES;
				GCC_WARN_UNUSED_VARIABLE = YES;
				IPHONEOS_DEPLOYMENT_TARGET = 13.2;
				MTL_ENABLE_DEBUG_INFO = NO;
				MTL_FAST_MATH = YES;
				SDKROOT = iphoneos;
				SWIFT_COMPILATION_MODE = wholemodule;
				SWIFT_OPTIMIZATION_LEVEL = "-O";
				VALIDATE_PRODUCT = YES;
			};
			name = Release;
		};
		E011EF0623E2ABA500533EB0 /* Debug */ = {
			isa = XCBuildConfiguration;
			buildSettings = {
				ASSETCATALOG_COMPILER_APPICON_NAME = AppIcon;
				CODE_SIGN_STYLE = Automatic;
				INFOPLIST_FILE = Flix/Info.plist;
				LD_RUNPATH_SEARCH_PATHS = (
					"$(inherited)",
					"@executable_path/Frameworks",
				);
				PRODUCT_BUNDLE_IDENTIFIER = com.codepath.Flix;
				PRODUCT_NAME = "$(TARGET_NAME)";
				SWIFT_VERSION = 5.0;
				TARGETED_DEVICE_FAMILY = "1,2";
			};
			name = Debug;
		};
		E011EF0723E2ABA500533EB0 /* Release */ = {
			isa = XCBuildConfiguration;
			buildSettings = {
				ASSETCATALOG_COMPILER_APPICON_NAME = AppIcon;
				CODE_SIGN_STYLE = Automatic;
				INFOPLIST_FILE = Flix/Info.plist;
				LD_RUNPATH_SEARCH_PATHS = (
					"$(inherited)",
					"@executable_path/Frameworks",
				);
				PRODUCT_BUNDLE_IDENTIFIER = com.codepath.Flix;
				PRODUCT_NAME = "$(TARGET_NAME)";
				SWIFT_VERSION = 5.0;
				TARGETED_DEVICE_FAMILY = "1,2";
			};
			name = Release;
		};
		E011EF0923E2ABA500533EB0 /* Debug */ = {
			isa = XCBuildConfiguration;
			buildSettings = {
				ALWAYS_EMBED_SWIFT_STANDARD_LIBRARIES = YES;
				BUNDLE_LOADER = "$(TEST_HOST)";
				CODE_SIGN_STYLE = Automatic;
				INFOPLIST_FILE = FlixTests/Info.plist;
				IPHONEOS_DEPLOYMENT_TARGET = 13.2;
				LD_RUNPATH_SEARCH_PATHS = (
					"$(inherited)",
					"@executable_path/Frameworks",
					"@loader_path/Frameworks",
				);
				PRODUCT_BUNDLE_IDENTIFIER = com.codepath.FlixTests;
				PRODUCT_NAME = "$(TARGET_NAME)";
				SWIFT_VERSION = 5.0;
				TARGETED_DEVICE_FAMILY = "1,2";
				TEST_HOST = "$(BUILT_PRODUCTS_DIR)/Flix.app/Flix";
			};
			name = Debug;
		};
		E011EF0A23E2ABA500533EB0 /* Release */ = {
			isa = XCBuildConfiguration;
			buildSettings = {
				ALWAYS_EMBED_SWIFT_STANDARD_LIBRARIES = YES;
				BUNDLE_LOADER = "$(TEST_HOST)";
				CODE_SIGN_STYLE = Automatic;
				INFOPLIST_FILE = FlixTests/Info.plist;
				IPHONEOS_DEPLOYMENT_TARGET = 13.2;
				LD_RUNPATH_SEARCH_PATHS = (
					"$(inherited)",
					"@executable_path/Frameworks",
					"@loader_path/Frameworks",
				);
				PRODUCT_BUNDLE_IDENTIFIER = com.codepath.FlixTests;
				PRODUCT_NAME = "$(TARGET_NAME)";
				SWIFT_VERSION = 5.0;
				TARGETED_DEVICE_FAMILY = "1,2";
				TEST_HOST = "$(BUILT_PRODUCTS_DIR)/Flix.app/Flix";
			};
			name = Release;
		};
		E011EF0C23E2ABA500533EB0 /* Debug */ = {
			isa = XCBuildConfiguration;
			buildSettings = {
				ALWAYS_EMBED_SWIFT_STANDARD_LIBRARIES = YES;
				CODE_SIGN_STYLE = Automatic;
				INFOPLIST_FILE = FlixUITests/Info.plist;
				LD_RUNPATH_SEARCH_PATHS = (
					"$(inherited)",
					"@executable_path/Frameworks",
					"@loader_path/Frameworks",
				);
				PRODUCT_BUNDLE_IDENTIFIER = com.codepath.FlixUITests;
				PRODUCT_NAME = "$(TARGET_NAME)";
				SWIFT_VERSION = 5.0;
				TARGETED_DEVICE_FAMILY = "1,2";
				TEST_TARGET_NAME = Flix;
			};
			name = Debug;
		};
		E011EF0D23E2ABA500533EB0 /* Release */ = {
			isa = XCBuildConfiguration;
			buildSettings = {
				ALWAYS_EMBED_SWIFT_STANDARD_LIBRARIES = YES;
				CODE_SIGN_STYLE = Automatic;
				INFOPLIST_FILE = FlixUITests/Info.plist;
				LD_RUNPATH_SEARCH_PATHS = (
					"$(inherited)",
					"@executable_path/Frameworks",
					"@loader_path/Frameworks",
				);
				PRODUCT_BUNDLE_IDENTIFIER = com.codepath.FlixUITests;
				PRODUCT_NAME = "$(TARGET_NAME)";
				SWIFT_VERSION = 5.0;
				TARGETED_DEVICE_FAMILY = "1,2";
				TEST_TARGET_NAME = Flix;
			};
			name = Release;
		};
/* End XCBuildConfiguration section */

/* Begin XCConfigurationList section */
		E011EED623E2ABA300533EB0 /* Build configuration list for PBXProject "Flix" */ = {
			isa = XCConfigurationList;
			buildConfigurations = (
				E011EF0323E2ABA500533EB0 /* Debug */,
				E011EF0423E2ABA500533EB0 /* Release */,
			);
			defaultConfigurationIsVisible = 0;
			defaultConfigurationName = Release;
		};
		E011EF0523E2ABA500533EB0 /* Build configuration list for PBXNativeTarget "Flix" */ = {
			isa = XCConfigurationList;
			buildConfigurations = (
				E011EF0623E2ABA500533EB0 /* Debug */,
				E011EF0723E2ABA500533EB0 /* Release */,
			);
			defaultConfigurationIsVisible = 0;
			defaultConfigurationName = Release;
		};
		E011EF0823E2ABA500533EB0 /* Build configuration list for PBXNativeTarget "FlixTests" */ = {
			isa = XCConfigurationList;
			buildConfigurations = (
				E011EF0923E2ABA500533EB0 /* Debug */,
				E011EF0A23E2ABA500533EB0 /* Release */,
			);
			defaultConfigurationIsVisible = 0;
			defaultConfigurationName = Release;
		};
		E011EF0B23E2ABA500533EB0 /* Build configuration list for PBXNativeTarget "FlixUITests" */ = {
			isa = XCConfigurationList;
			buildConfigurations = (
				E011EF0C23E2ABA500533EB0 /* Debug */,
				E011EF0D23E2ABA500533EB0 /* Release */,
			);
			defaultConfigurationIsVisible = 0;
			defaultConfigurationName = Release;
		};
/* End XCConfigurationList section */
	};
	rootObject = E011EED323E2ABA300533EB0 /* Project object */;
}
